// !$*UTF8*$!
{
	archiveVersion = 1;
	classes = {
	};
	objectVersion = 50;
	objects = {

/* Begin PBXBuildFile section */
		1098140D8F8093A75DD0F144 /* Pods_ForbiddenBluetooth.framework in Frameworks */ = {isa = PBXBuildFile; fileRef = 0B921D77635F538BB3CA5DE6 /* Pods_ForbiddenBluetooth.framework */; };
		4C37100A22A0484E00C115BA /* DeviceListViewController.swift in Sources */ = {isa = PBXBuildFile; fileRef = 4C37100922A0484E00C115BA /* DeviceListViewController.swift */; };
		4C37101022A0738E00C115BA /* BluetoothSwitchView.swift in Sources */ = {isa = PBXBuildFile; fileRef = 4C37100F22A0738E00C115BA /* BluetoothSwitchView.swift */; };
		4C37101422A08C0B00C115BA /* StatusHeaderView.swift in Sources */ = {isa = PBXBuildFile; fileRef = 4C37101322A08C0B00C115BA /* StatusHeaderView.swift */; };
		4C53AC7622A0453F00B24BE6 /* AppDelegate.swift in Sources */ = {isa = PBXBuildFile; fileRef = 4C53AC7522A0453F00B24BE6 /* AppDelegate.swift */; };
		4C53AC7B22A0453F00B24BE6 /* Main.storyboard in Resources */ = {isa = PBXBuildFile; fileRef = 4C53AC7922A0453F00B24BE6 /* Main.storyboard */; };
		4C53AC7D22A0454000B24BE6 /* Assets.xcassets in Resources */ = {isa = PBXBuildFile; fileRef = 4C53AC7C22A0454000B24BE6 /* Assets.xcassets */; };
		4C53AC8022A0454000B24BE6 /* LaunchScreen.storyboard in Resources */ = {isa = PBXBuildFile; fileRef = 4C53AC7E22A0454000B24BE6 /* LaunchScreen.storyboard */; };
		62787A9422A1E30600209657 /* Device.swift in Sources */ = {isa = PBXBuildFile; fileRef = 62787A9322A1E30600209657 /* Device.swift */; };
		62787A9822A1E5C600209657 /* BTManager.swift in Sources */ = {isa = PBXBuildFile; fileRef = 62787A9722A1E5C600209657 /* BTManager.swift */; };
		62787A9A22A1E72100209657 /* BTManager+Notification.swift in Sources */ = {isa = PBXBuildFile; fileRef = 62787A9922A1E72100209657 /* BTManager+Notification.swift */; };
		62A0219D22A1D2D000924994 /* BluetoothManagerHelper.m in Sources */ = {isa = PBXBuildFile; fileRef = 62A0219C22A1D2D000924994 /* BluetoothManagerHelper.m */; };
		62A021A022A1D2F100924994 /* BluetoothDeviceHelper.m in Sources */ = {isa = PBXBuildFile; fileRef = 62A0219F22A1D2F100924994 /* BluetoothDeviceHelper.m */; };
/* End PBXBuildFile section */

/* Begin PBXFileReference section */
		0B921D77635F538BB3CA5DE6 /* Pods_ForbiddenBluetooth.framework */ = {isa = PBXFileReference; explicitFileType = wrapper.framework; includeInIndex = 0; path = Pods_ForbiddenBluetooth.framework; sourceTree = BUILT_PRODUCTS_DIR; };
		4C37100922A0484E00C115BA /* DeviceListViewController.swift */ = {isa = PBXFileReference; lastKnownFileType = sourcecode.swift; path = DeviceListViewController.swift; sourceTree = "<group>"; };
		4C37100F22A0738E00C115BA /* BluetoothSwitchView.swift */ = {isa = PBXFileReference; lastKnownFileType = sourcecode.swift; path = BluetoothSwitchView.swift; sourceTree = "<group>"; };
		4C37101322A08C0B00C115BA /* StatusHeaderView.swift */ = {isa = PBXFileReference; lastKnownFileType = sourcecode.swift; path = StatusHeaderView.swift; sourceTree = "<group>"; };
		4C53AC7222A0453F00B24BE6 /* ForbiddenBluetooth.app */ = {isa = PBXFileReference; explicitFileType = wrapper.application; includeInIndex = 0; path = ForbiddenBluetooth.app; sourceTree = BUILT_PRODUCTS_DIR; };
		4C53AC7522A0453F00B24BE6 /* AppDelegate.swift */ = {isa = PBXFileReference; lastKnownFileType = sourcecode.swift; path = AppDelegate.swift; sourceTree = "<group>"; };
		4C53AC7A22A0453F00B24BE6 /* Base */ = {isa = PBXFileReference; lastKnownFileType = file.storyboard; name = Base; path = Base.lproj/Main.storyboard; sourceTree = "<group>"; };
		4C53AC7C22A0454000B24BE6 /* Assets.xcassets */ = {isa = PBXFileReference; lastKnownFileType = folder.assetcatalog; path = Assets.xcassets; sourceTree = "<group>"; };
		4C53AC7F22A0454000B24BE6 /* Base */ = {isa = PBXFileReference; lastKnownFileType = file.storyboard; name = Base; path = Base.lproj/LaunchScreen.storyboard; sourceTree = "<group>"; };
		4C53AC8122A0454000B24BE6 /* Info.plist */ = {isa = PBXFileReference; lastKnownFileType = text.plist.xml; path = Info.plist; sourceTree = "<group>"; };
		62787A9322A1E30600209657 /* Device.swift */ = {isa = PBXFileReference; lastKnownFileType = sourcecode.swift; path = Device.swift; sourceTree = "<group>"; };
		62787A9722A1E5C600209657 /* BTManager.swift */ = {isa = PBXFileReference; lastKnownFileType = sourcecode.swift; path = BTManager.swift; sourceTree = "<group>"; };
		62787A9922A1E72100209657 /* BTManager+Notification.swift */ = {isa = PBXFileReference; lastKnownFileType = sourcecode.swift; path = "BTManager+Notification.swift"; sourceTree = "<group>"; };
		62A0219822A1D26D00924994 /* BluetoothDevice.h */ = {isa = PBXFileReference; lastKnownFileType = sourcecode.c.h; path = BluetoothDevice.h; sourceTree = "<group>"; };
		62A0219922A1D29000924994 /* BluetoothManager.h */ = {isa = PBXFileReference; lastKnownFileType = sourcecode.c.h; path = BluetoothManager.h; sourceTree = "<group>"; };
		62A0219A22A1D2D000924994 /* ForbiddenBluetooth-Bridging-Header.h */ = {isa = PBXFileReference; lastKnownFileType = sourcecode.c.h; path = "ForbiddenBluetooth-Bridging-Header.h"; sourceTree = "<group>"; };
		62A0219B22A1D2D000924994 /* BluetoothManagerHelper.h */ = {isa = PBXFileReference; lastKnownFileType = sourcecode.c.h; path = BluetoothManagerHelper.h; sourceTree = "<group>"; };
		62A0219C22A1D2D000924994 /* BluetoothManagerHelper.m */ = {isa = PBXFileReference; lastKnownFileType = sourcecode.c.objc; path = BluetoothManagerHelper.m; sourceTree = "<group>"; };
		62A0219E22A1D2F100924994 /* BluetoothDeviceHelper.h */ = {isa = PBXFileReference; lastKnownFileType = sourcecode.c.h; path = BluetoothDeviceHelper.h; sourceTree = "<group>"; };
		62A0219F22A1D2F100924994 /* BluetoothDeviceHelper.m */ = {isa = PBXFileReference; lastKnownFileType = sourcecode.c.objc; path = BluetoothDeviceHelper.m; sourceTree = "<group>"; };
		9B1E0AB16C489787A998A17A /* Pods-ForbiddenBluetooth.release.xcconfig */ = {isa = PBXFileReference; includeInIndex = 1; lastKnownFileType = text.xcconfig; name = "Pods-ForbiddenBluetooth.release.xcconfig"; path = "Target Support Files/Pods-ForbiddenBluetooth/Pods-ForbiddenBluetooth.release.xcconfig"; sourceTree = "<group>"; };
		C84CD70CD7FC97C4A3263B0E /* Pods-ForbiddenBluetooth.debug.xcconfig */ = {isa = PBXFileReference; includeInIndex = 1; lastKnownFileType = text.xcconfig; name = "Pods-ForbiddenBluetooth.debug.xcconfig"; path = "Target Support Files/Pods-ForbiddenBluetooth/Pods-ForbiddenBluetooth.debug.xcconfig"; sourceTree = "<group>"; };
/* End PBXFileReference section */

/* Begin PBXFrameworksBuildPhase section */
		4C53AC6F22A0453F00B24BE6 /* Frameworks */ = {
			isa = PBXFrameworksBuildPhase;
			buildActionMask = 2147483647;
			files = (
				1098140D8F8093A75DD0F144 /* Pods_ForbiddenBluetooth.framework in Frameworks */,
			);
			runOnlyForDeploymentPostprocessing = 0;
		};
/* End PBXFrameworksBuildPhase section */

/* Begin PBXGroup section */
		3F8C4687A27B52767B70DAD7 /* Frameworks */ = {
			isa = PBXGroup;
			children = (
				0B921D77635F538BB3CA5DE6 /* Pods_ForbiddenBluetooth.framework */,
			);
			name = Frameworks;
			sourceTree = "<group>";
		};
		4C37100E22A0736400C115BA /* Components */ = {
			isa = PBXGroup;
			children = (
				4C37100F22A0738E00C115BA /* BluetoothSwitchView.swift */,
				4C37101322A08C0B00C115BA /* StatusHeaderView.swift */,
			);
			path = Components;
			sourceTree = "<group>";
		};
		4C53AC6922A0453F00B24BE6 = {
			isa = PBXGroup;
			children = (
				4C53AC7422A0453F00B24BE6 /* ForbiddenBluetooth */,
				4C53AC7322A0453F00B24BE6 /* Products */,
				B224ABFF3565E8C0E7FA0AF7 /* Pods */,
				3F8C4687A27B52767B70DAD7 /* Frameworks */,
			);
			sourceTree = "<group>";
		};
		4C53AC7322A0453F00B24BE6 /* Products */ = {
			isa = PBXGroup;
			children = (
				4C53AC7222A0453F00B24BE6 /* ForbiddenBluetooth.app */,
			);
			name = Products;
			sourceTree = "<group>";
		};
		4C53AC7422A0453F00B24BE6 /* ForbiddenBluetooth */ = {
			isa = PBXGroup;
			children = (
				62A0219A22A1D2D000924994 /* ForbiddenBluetooth-Bridging-Header.h */,
				62A0219722A1D23F00924994 /* BluetoothManager */,
				4C37100E22A0736400C115BA /* Components */,
				4C53AC7522A0453F00B24BE6 /* AppDelegate.swift */,
				4C37100922A0484E00C115BA /* DeviceListViewController.swift */,
				4C53AC7922A0453F00B24BE6 /* Main.storyboard */,
				4C53AC7C22A0454000B24BE6 /* Assets.xcassets */,
				4C53AC7E22A0454000B24BE6 /* LaunchScreen.storyboard */,
				4C53AC8122A0454000B24BE6 /* Info.plist */,
				62787A9322A1E30600209657 /* Device.swift */,
				62787A9722A1E5C600209657 /* BTManager.swift */,
				62787A9922A1E72100209657 /* BTManager+Notification.swift */,
			);
			path = ForbiddenBluetooth;
			sourceTree = "<group>";
		};
		62A0219722A1D23F00924994 /* BluetoothManager */ = {
			isa = PBXGroup;
			children = (
				62A0219B22A1D2D000924994 /* BluetoothManagerHelper.h */,
				62A0219C22A1D2D000924994 /* BluetoothManagerHelper.m */,
				62A0219822A1D26D00924994 /* BluetoothDevice.h */,
				62A0219922A1D29000924994 /* BluetoothManager.h */,
				62A0219E22A1D2F100924994 /* BluetoothDeviceHelper.h */,
				62A0219F22A1D2F100924994 /* BluetoothDeviceHelper.m */,
			);
			path = BluetoothManager;
			sourceTree = "<group>";
		};
		B224ABFF3565E8C0E7FA0AF7 /* Pods */ = {
			isa = PBXGroup;
			children = (
				C84CD70CD7FC97C4A3263B0E /* Pods-ForbiddenBluetooth.debug.xcconfig */,
				9B1E0AB16C489787A998A17A /* Pods-ForbiddenBluetooth.release.xcconfig */,
			);
			path = Pods;
			sourceTree = "<group>";
		};
/* End PBXGroup section */

/* Begin PBXNativeTarget section */
		4C53AC7122A0453F00B24BE6 /* ForbiddenBluetooth */ = {
			isa = PBXNativeTarget;
			buildConfigurationList = 4C53AC8422A0454000B24BE6 /* Build configuration list for PBXNativeTarget "ForbiddenBluetooth" */;
			buildPhases = (
				5BF33924718573BC98C849CB /* [CP] Check Pods Manifest.lock */,
				4C53AC6E22A0453F00B24BE6 /* Sources */,
				4C53AC6F22A0453F00B24BE6 /* Frameworks */,
				4C53AC7022A0453F00B24BE6 /* Resources */,
				4C37100822A0464600C115BA /* ShellScript */,
			);
			buildRules = (
			);
			dependencies = (
			);
			name = ForbiddenBluetooth;
			productName = ForbiddenBluetooth;
			productReference = 4C53AC7222A0453F00B24BE6 /* ForbiddenBluetooth.app */;
			productType = "com.apple.product-type.application";
		};
/* End PBXNativeTarget section */

/* Begin PBXProject section */
		4C53AC6A22A0453F00B24BE6 /* Project object */ = {
			isa = PBXProject;
			attributes = {
				LastSwiftUpdateCheck = 1020;
				LastUpgradeCheck = 1020;
				ORGANIZATIONNAME = "Murilo Paixão";
				TargetAttributes = {
					4C53AC7122A0453F00B24BE6 = {
						CreatedOnToolsVersion = 10.2.1;
						LastSwiftMigration = 1020;
					};
				};
			};
			buildConfigurationList = 4C53AC6D22A0453F00B24BE6 /* Build configuration list for PBXProject "ForbiddenBluetooth" */;
			compatibilityVersion = "Xcode 9.3";
			developmentRegion = en;
			hasScannedForEncodings = 0;
			knownRegions = (
				en,
				Base,
			);
			mainGroup = 4C53AC6922A0453F00B24BE6;
			productRefGroup = 4C53AC7322A0453F00B24BE6 /* Products */;
			projectDirPath = "";
			projectRoot = "";
			targets = (
				4C53AC7122A0453F00B24BE6 /* ForbiddenBluetooth */,
			);
		};
/* End PBXProject section */

/* Begin PBXResourcesBuildPhase section */
		4C53AC7022A0453F00B24BE6 /* Resources */ = {
			isa = PBXResourcesBuildPhase;
			buildActionMask = 2147483647;
			files = (
				4C53AC8022A0454000B24BE6 /* LaunchScreen.storyboard in Resources */,
				4C53AC7D22A0454000B24BE6 /* Assets.xcassets in Resources */,
				4C53AC7B22A0453F00B24BE6 /* Main.storyboard in Resources */,
			);
			runOnlyForDeploymentPostprocessing = 0;
		};
/* End PBXResourcesBuildPhase section */

/* Begin PBXShellScriptBuildPhase section */
		4C37100822A0464600C115BA /* ShellScript */ = {
			isa = PBXShellScriptBuildPhase;
			buildActionMask = 2147483647;
			files = (
			);
			inputFileListPaths = (
			);
			inputPaths = (
			);
			outputFileListPaths = (
			);
			outputPaths = (
			);
			runOnlyForDeploymentPostprocessing = 0;
			shellPath = /bin/sh;
			shellScript = "# Type a script or drag a script file from your workspace to insert its path.\nif which swiftlint >/dev/null; then\n  \"${PODS_ROOT}/SwiftLint/swiftlint\"\nelse\n  echo \"warning: SwiftLint not installed, download from https://github.com/realm/SwiftLint\"\nfi\n";
		};
		5BF33924718573BC98C849CB /* [CP] Check Pods Manifest.lock */ = {
			isa = PBXShellScriptBuildPhase;
			buildActionMask = 2147483647;
			files = (
			);
			inputFileListPaths = (
			);
			inputPaths = (
				"${PODS_PODFILE_DIR_PATH}/Podfile.lock",
				"${PODS_ROOT}/Manifest.lock",
			);
			name = "[CP] Check Pods Manifest.lock";
			outputFileListPaths = (
			);
			outputPaths = (
				"$(DERIVED_FILE_DIR)/Pods-ForbiddenBluetooth-checkManifestLockResult.txt",
			);
			runOnlyForDeploymentPostprocessing = 0;
			shellPath = /bin/sh;
			shellScript = "diff \"${PODS_PODFILE_DIR_PATH}/Podfile.lock\" \"${PODS_ROOT}/Manifest.lock\" > /dev/null\nif [ $? != 0 ] ; then\n    # print error to STDERR\n    echo \"error: The sandbox is not in sync with the Podfile.lock. Run 'pod install' or update your CocoaPods installation.\" >&2\n    exit 1\nfi\n# This output is used by Xcode 'outputs' to avoid re-running this script phase.\necho \"SUCCESS\" > \"${SCRIPT_OUTPUT_FILE_0}\"\n";
			showEnvVarsInLog = 0;
		};
/* End PBXShellScriptBuildPhase section */

/* Begin PBXSourcesBuildPhase section */
		4C53AC6E22A0453F00B24BE6 /* Sources */ = {
			isa = PBXSourcesBuildPhase;
			buildActionMask = 2147483647;
			files = (
				4C37100A22A0484E00C115BA /* DeviceListViewController.swift in Sources */,
				4C37101022A0738E00C115BA /* BluetoothSwitchView.swift in Sources */,
				62A0219D22A1D2D000924994 /* BluetoothManagerHelper.m in Sources */,
				62787A9822A1E5C600209657 /* BTManager.swift in Sources */,
				62787A9A22A1E72100209657 /* BTManager+Notification.swift in Sources */,
				4C53AC7622A0453F00B24BE6 /* AppDelegate.swift in Sources */,
				62A021A022A1D2F100924994 /* BluetoothDeviceHelper.m in Sources */,
				62787A9422A1E30600209657 /* Device.swift in Sources */,
				4C37101422A08C0B00C115BA /* StatusHeaderView.swift in Sources */,
			);
			runOnlyForDeploymentPostprocessing = 0;
		};
/* End PBXSourcesBuildPhase section */

/* Begin PBXVariantGroup section */
		4C53AC7922A0453F00B24BE6 /* Main.storyboard */ = {
			isa = PBXVariantGroup;
			children = (
				4C53AC7A22A0453F00B24BE6 /* Base */,
			);
			name = Main.storyboard;
			sourceTree = "<group>";
		};
		4C53AC7E22A0454000B24BE6 /* LaunchScreen.storyboard */ = {
			isa = PBXVariantGroup;
			children = (
				4C53AC7F22A0454000B24BE6 /* Base */,
			);
			name = LaunchScreen.storyboard;
			sourceTree = "<group>";
		};
/* End PBXVariantGroup section */

/* Begin XCBuildConfiguration section */
		4C53AC8222A0454000B24BE6 /* Debug */ = {
			isa = XCBuildConfiguration;
			buildSettings = {
				ALWAYS_SEARCH_USER_PATHS = NO;
				CLANG_ANALYZER_NONNULL = YES;
				CLANG_ANALYZER_NUMBER_OBJECT_CONVERSION = YES_AGGRESSIVE;
				CLANG_CXX_LANGUAGE_STANDARD = "gnu++14";
				CLANG_CXX_LIBRARY = "libc++";
				CLANG_ENABLE_MODULES = YES;
				CLANG_ENABLE_OBJC_ARC = YES;
				CLANG_ENABLE_OBJC_WEAK = YES;
				CLANG_WARN_BLOCK_CAPTURE_AUTORELEASING = YES;
				CLANG_WARN_BOOL_CONVERSION = YES;
				CLANG_WARN_COMMA = YES;
				CLANG_WARN_CONSTANT_CONVERSION = YES;
				CLANG_WARN_DEPRECATED_OBJC_IMPLEMENTATIONS = YES;
				CLANG_WARN_DIRECT_OBJC_ISA_USAGE = YES_ERROR;
				CLANG_WARN_DOCUMENTATION_COMMENTS = YES;
				CLANG_WARN_EMPTY_BODY = YES;
				CLANG_WARN_ENUM_CONVERSION = YES;
				CLANG_WARN_INFINITE_RECURSION = YES;
				CLANG_WARN_INT_CONVERSION = YES;
				CLANG_WARN_NON_LITERAL_NULL_CONVERSION = YES;
				CLANG_WARN_OBJC_IMPLICIT_RETAIN_SELF = YES;
				CLANG_WARN_OBJC_LITERAL_CONVERSION = YES;
				CLANG_WARN_OBJC_ROOT_CLASS = YES_ERROR;
				CLANG_WARN_RANGE_LOOP_ANALYSIS = YES;
				CLANG_WARN_STRICT_PROTOTYPES = YES;
				CLANG_WARN_SUSPICIOUS_MOVE = YES;
				CLANG_WARN_UNGUARDED_AVAILABILITY = YES_AGGRESSIVE;
				CLANG_WARN_UNREACHABLE_CODE = YES;
				CLANG_WARN__DUPLICATE_METHOD_MATCH = YES;
				CODE_SIGN_IDENTITY = "iPhone Developer";
				COPY_PHASE_STRIP = NO;
				DEBUG_INFORMATION_FORMAT = dwarf;
				ENABLE_STRICT_OBJC_MSGSEND = YES;
				ENABLE_TESTABILITY = YES;
				GCC_C_LANGUAGE_STANDARD = gnu11;
				GCC_DYNAMIC_NO_PIC = NO;
				GCC_NO_COMMON_BLOCKS = YES;
				GCC_OPTIMIZATION_LEVEL = 0;
				GCC_PREPROCESSOR_DEFINITIONS = (
					"DEBUG=1",
					"$(inherited)",
				);
				GCC_WARN_64_TO_32_BIT_CONVERSION = YES;
				GCC_WARN_ABOUT_RETURN_TYPE = YES_ERROR;
				GCC_WARN_UNDECLARED_SELECTOR = YES;
				GCC_WARN_UNINITIALIZED_AUTOS = YES_AGGRESSIVE;
				GCC_WARN_UNUSED_FUNCTION = YES;
				GCC_WARN_UNUSED_VARIABLE = YES;
				IPHONEOS_DEPLOYMENT_TARGET = 12.2;
				MTL_ENABLE_DEBUG_INFO = INCLUDE_SOURCE;
				MTL_FAST_MATH = YES;
				ONLY_ACTIVE_ARCH = YES;
				SDKROOT = iphoneos;
				SWIFT_ACTIVE_COMPILATION_CONDITIONS = DEBUG;
				SWIFT_OPTIMIZATION_LEVEL = "-Onone";
			};
			name = Debug;
		};
		4C53AC8322A0454000B24BE6 /* Release */ = {
			isa = XCBuildConfiguration;
			buildSettings = {
				ALWAYS_SEARCH_USER_PATHS = NO;
				CLANG_ANALYZER_NONNULL = YES;
				CLANG_ANALYZER_NUMBER_OBJECT_CONVERSION = YES_AGGRESSIVE;
				CLANG_CXX_LANGUAGE_STANDARD = "gnu++14";
				CLANG_CXX_LIBRARY = "libc++";
				CLANG_ENABLE_MODULES = YES;
				CLANG_ENABLE_OBJC_ARC = YES;
				CLANG_ENABLE_OBJC_WEAK = YES;
				CLANG_WARN_BLOCK_CAPTURE_AUTORELEASING = YES;
				CLANG_WARN_BOOL_CONVERSION = YES;
				CLANG_WARN_COMMA = YES;
				CLANG_WARN_CONSTANT_CONVERSION = YES;
				CLANG_WARN_DEPRECATED_OBJC_IMPLEMENTATIONS = YES;
				CLANG_WARN_DIRECT_OBJC_ISA_USAGE = YES_ERROR;
				CLANG_WARN_DOCUMENTATION_COMMENTS = YES;
				CLANG_WARN_EMPTY_BODY = YES;
				CLANG_WARN_ENUM_CONVERSION = YES;
				CLANG_WARN_INFINITE_RECURSION = YES;
				CLANG_WARN_INT_CONVERSION = YES;
				CLANG_WARN_NON_LITERAL_NULL_CONVERSION = YES;
				CLANG_WARN_OBJC_IMPLICIT_RETAIN_SELF = YES;
				CLANG_WARN_OBJC_LITERAL_CONVERSION = YES;
				CLANG_WARN_OBJC_ROOT_CLASS = YES_ERROR;
				CLANG_WARN_RANGE_LOOP_ANALYSIS = YES;
				CLANG_WARN_STRICT_PROTOTYPES = YES;
				CLANG_WARN_SUSPICIOUS_MOVE = YES;
				CLANG_WARN_UNGUARDED_AVAILABILITY = YES_AGGRESSIVE;
				CLANG_WARN_UNREACHABLE_CODE = YES;
				CLANG_WARN__DUPLICATE_METHOD_MATCH = YES;
				CODE_SIGN_IDENTITY = "iPhone Developer";
				COPY_PHASE_STRIP = NO;
				DEBUG_INFORMATION_FORMAT = "dwarf-with-dsym";
				ENABLE_NS_ASSERTIONS = NO;
				ENABLE_STRICT_OBJC_MSGSEND = YES;
				GCC_C_LANGUAGE_STANDARD = gnu11;
				GCC_NO_COMMON_BLOCKS = YES;
				GCC_WARN_64_TO_32_BIT_CONVERSION = YES;
				GCC_WARN_ABOUT_RETURN_TYPE = YES_ERROR;
				GCC_WARN_UNDECLARED_SELECTOR = YES;
				GCC_WARN_UNINITIALIZED_AUTOS = YES_AGGRESSIVE;
				GCC_WARN_UNUSED_FUNCTION = YES;
				GCC_WARN_UNUSED_VARIABLE = YES;
				IPHONEOS_DEPLOYMENT_TARGET = 12.2;
				MTL_ENABLE_DEBUG_INFO = NO;
				MTL_FAST_MATH = YES;
				SDKROOT = iphoneos;
				SWIFT_COMPILATION_MODE = wholemodule;
				SWIFT_OPTIMIZATION_LEVEL = "-O";
				VALIDATE_PRODUCT = YES;
			};
			name = Release;
		};
		4C53AC8522A0454000B24BE6 /* Debug */ = {
			isa = XCBuildConfiguration;
			baseConfigurationReference = C84CD70CD7FC97C4A3263B0E /* Pods-ForbiddenBluetooth.debug.xcconfig */;
			buildSettings = {
				ASSETCATALOG_COMPILER_APPICON_NAME = AppIcon;
				CLANG_ENABLE_MODULES = YES;
				CODE_SIGN_STYLE = Automatic;
				DEVELOPMENT_TEAM = 423Q26AEEM;
				INFOPLIST_FILE = ForbiddenBluetooth/Info.plist;
				LD_RUNPATH_SEARCH_PATHS = (
					"$(inherited)",
					"@executable_path/Frameworks",
				);
				PRODUCT_BUNDLE_IDENTIFIER = com.pxao.ForbiddenBluetooth;
				PRODUCT_NAME = "$(TARGET_NAME)";
				SWIFT_OBJC_BRIDGING_HEADER = "ForbiddenBluetooth/ForbiddenBluetooth-Bridging-Header.h";
				SWIFT_OPTIMIZATION_LEVEL = "-Onone";
				SWIFT_VERSION = 5.0;
				TARGETED_DEVICE_FAMILY = "1,2";
			};
			name = Debug;
		};
		4C53AC8622A0454000B24BE6 /* Release */ = {
			isa = XCBuildConfiguration;
			baseConfigurationReference = 9B1E0AB16C489787A998A17A /* Pods-ForbiddenBluetooth.release.xcconfig */;
			buildSettings = {
				ASSETCATALOG_COMPILER_APPICON_NAME = AppIcon;
				CLANG_ENABLE_MODULES = YES;
				CODE_SIGN_STYLE = Automatic;
				DEVELOPMENT_TEAM = 423Q26AEEM;
				INFOPLIST_FILE = ForbiddenBluetooth/Info.plist;
				LD_RUNPATH_SEARCH_PATHS = (
					"$(inherited)",
					"@executable_path/Frameworks",
				);
				PRODUCT_BUNDLE_IDENTIFIER = com.pxao.ForbiddenBluetooth;
				PRODUCT_NAME = "$(TARGET_NAME)";
				SWIFT_OBJC_BRIDGING_HEADER = "ForbiddenBluetooth/ForbiddenBluetooth-Bridging-Header.h";
				SWIFT_VERSION = 5.0;
				TARGETED_DEVICE_FAMILY = "1,2";
			};
			name = Release;
		};
/* End XCBuildConfiguration section */

/* Begin XCConfigurationList section */
		4C53AC6D22A0453F00B24BE6 /* Build configuration list for PBXProject "ForbiddenBluetooth" */ = {
			isa = XCConfigurationList;
			buildConfigurations = (
				4C53AC8222A0454000B24BE6 /* Debug */,
				4C53AC8322A0454000B24BE6 /* Release */,
			);
			defaultConfigurationIsVisible = 0;
			defaultConfigurationName = Release;
		};
		4C53AC8422A0454000B24BE6 /* Build configuration list for PBXNativeTarget "ForbiddenBluetooth" */ = {
			isa = XCConfigurationList;
			buildConfigurations = (
				4C53AC8522A0454000B24BE6 /* Debug */,
				4C53AC8622A0454000B24BE6 /* Release */,
			);
			defaultConfigurationIsVisible = 0;
			defaultConfigurationName = Release;
		};
/* End XCConfigurationList section */
	};
	rootObject = 4C53AC6A22A0453F00B24BE6 /* Project object */;
}
